[[package]]
name = "downcast"
version = "0.9.2"
source = "registry+https://github.com/rust-lang/crates.io-index"

[[package]]
name = "num-traits"
version = "0.2.6"
source = "registry+https://github.com/rust-lang/crates.io-index"

[[package]]
name = "worst"
version = "0.1.0"
dependencies = [
 "downcast 0.9.2 (registry+https://github.com/rust-lang/crates.io-index)",
 "num-traits 0.2.6 (registry+https://github.com/rust-lang/crates.io-index)",
]

[metadata]
"checksum downcast 0.9.2 (registry+https://github.com/rust-lang/crates.io-index)" = "6c6fe31318b6ef21166c8e839e680238eb16f875849d597544eead7ec882eed3"
"checksum num-traits 0.2.6 (registry+https://github.com/rust-lang/crates.io-index)" = "0b3a5d7cc97d6d30d8b9bc8fa19bf45349ffe46241e8816f50f62f6d6aaabee1"
